
Microsoft Visual Studio Solution File, Format Version 12.00
# Visual Studio Version 17
VisualStudioVersion = 17.10.35122.118
MinimumVisualStudioVersion = 10.0.40219.1
Project("{FAE04EC0-301F-11D3-BF4B-00C04F79EFBC}") = "Final_WPF_Brickstore", "Final_WPF_Brickstore\Final_WPF_Brickstore.csproj", "{2D7BBFCA-93FD-401F-9BFC-5FB8FF1FDE97}"
EndProject
Global
	GlobalSection(SolutionConfigurationPlatforms) = preSolution
		Debug|Any CPU = Debug|Any CPU
		Release|Any CPU = Release|Any CPU
	EndGlobalSection
	GlobalSection(ProjectConfigurationPlatforms) = postSolution
		{2D7BBFCA-93FD-401F-9BFC-5FB8FF1FDE97}.Debug|Any CPU.ActiveCfg = Debug|Any CPU
		{2D7BBFCA-93FD-401F-9BFC-5FB8FF1FDE97}.Debug|Any CPU.Build.0 = Debug|Any CPU
		{2D7BBFCA-93FD-401F-9BFC-5FB8FF1FDE97}.Release|Any CPU.ActiveCfg = Release|Any CPU
		{2D7BBFCA-93FD-401F-9BFC-5FB8FF1FDE97}.Release|Any CPU.Build.0 = Release|Any CPU
	EndGlobalSection
	GlobalSection(SolutionProperties) = preSolution
		HideSolutionNode = FALSE
	EndGlobalSection
	GlobalSection(ExtensibilityGlobals) = postSolution
		SolutionGuid = {D1F95F4D-B90F-41D8-8A9A-EEF43C647670}
	EndGlobalSection
EndGlobal
